
Microsoft Visual Studio Solution File, Format Version 12.00
# Visual Studio Version 16
VisualStudioVersion = 25.0.1706.14
MinimumVisualStudioVersion = 10.0.40219.1
Project("{FAE04EC0-301F-11D3-BF4B-00C04F79EFBC}") = "Danorjuela.WebPage", "Danorjuela.Web.WebApi\Danorjuela.WebPage.csproj", "{5F8BDFD9-A9CF-4698-ADF7-E35F3E1252EF}"
EndProject
Global
	GlobalSection(SolutionConfigurationPlatforms) = preSolution
		Debug|Any CPU = Debug|Any CPU
		Release|Any CPU = Release|Any CPU
	EndGlobalSection
	GlobalSection(ProjectConfigurationPlatforms) = postSolution
		{5F8BDFD9-A9CF-4698-ADF7-E35F3E1252EF}.Debug|Any CPU.ActiveCfg = Debug|Any CPU
		{5F8BDFD9-A9CF-4698-ADF7-E35F3E1252EF}.Debug|Any CPU.Build.0 = Debug|Any CPU
		{5F8BDFD9-A9CF-4698-ADF7-E35F3E1252EF}.Release|Any CPU.ActiveCfg = Release|Any CPU
		{5F8BDFD9-A9CF-4698-ADF7-E35F3E1252EF}.Release|Any CPU.Build.0 = Release|Any CPU
	EndGlobalSection
	GlobalSection(SolutionProperties) = preSolution
		HideSolutionNode = FALSE
	EndGlobalSection
	GlobalSection(ExtensibilityGlobals) = postSolution
		SolutionGuid = {616E6BDD-E31A-4129-BBAC-D36E5C8C5BBE}
	EndGlobalSection
EndGlobal
